
Microsoft Visual Studio Solution File, Format Version 12.00
# Visual Studio Version 17
VisualStudioVersion = 17.9.34622.214
MinimumVisualStudioVersion = 10.0.40219.1
Project("{FAE04EC0-301F-11D3-BF4B-00C04F79EFBC}") = "RealEstateApi", "RealEstateApi.csproj", "{BE81C60F-A1FB-462C-8329-FC4B1DD486EF}"
EndProject
Global
	GlobalSection(SolutionConfigurationPlatforms) = preSolution
		Debug|Any CPU = Debug|Any CPU
		Release|Any CPU = Release|Any CPU
	EndGlobalSection
	GlobalSection(ProjectConfigurationPlatforms) = postSolution
		{BE81C60F-A1FB-462C-8329-FC4B1DD486EF}.Debug|Any CPU.ActiveCfg = Debug|Any CPU
		{BE81C60F-A1FB-462C-8329-FC4B1DD486EF}.Debug|Any CPU.Build.0 = Debug|Any CPU
		{BE81C60F-A1FB-462C-8329-FC4B1DD486EF}.Release|Any CPU.ActiveCfg = Release|Any CPU
		{BE81C60F-A1FB-462C-8329-FC4B1DD486EF}.Release|Any CPU.Build.0 = Release|Any CPU
	EndGlobalSection
	GlobalSection(SolutionProperties) = preSolution
		HideSolutionNode = FALSE
	EndGlobalSection
	GlobalSection(ExtensibilityGlobals) = postSolution
		SolutionGuid = {CB664B76-D788-408E-B6B0-B551605FB60F}
	EndGlobalSection
EndGlobal
